
Microsoft Visual Studio Solution File, Format Version 12.00
# Visual Studio 2012
Project("{8BC9CEB8-8B4A-11D0-8D11-00A0C91BC942}") = "testLegoBlueTooth", "testLegoBlueTooth\testLegoBlueTooth.vcxproj", "{DE448C86-8741-453C-8182-24FAEFB3010F}"
EndProject
Global
	GlobalSection(SolutionConfigurationPlatforms) = preSolution
		Debug|Win32 = Debug|Win32
		Release|Win32 = Release|Win32
	EndGlobalSection
	GlobalSection(ProjectConfigurationPlatforms) = postSolution
		{DE448C86-8741-453C-8182-24FAEFB3010F}.Debug|Win32.ActiveCfg = Debug|Win32
		{DE448C86-8741-453C-8182-24FAEFB3010F}.Debug|Win32.Build.0 = Debug|Win32
		{DE448C86-8741-453C-8182-24FAEFB3010F}.Release|Win32.ActiveCfg = Release|Win32
		{DE448C86-8741-453C-8182-24FAEFB3010F}.Release|Win32.Build.0 = Release|Win32
	EndGlobalSection
	GlobalSection(SolutionProperties) = preSolution
		HideSolutionNode = FALSE
	EndGlobalSection
EndGlobal
